{
  "name": "irma-node-client-example",
  "version": "0.1.0",
  "lockfileVersion": 2,
  "requires": true,
  "packages": {
    "": {
      "name": "irma-node-client-example",
      "version": "0.1.0",
      "license": "MIT",
      "dependencies": {
        "@privacybydesign/irma-client": "../../../plugins/irma-client",
        "@privacybydesign/irma-console": "../../../plugins/irma-console",
        "@privacybydesign/irma-core": "../../../irma-core"
      }
    },
    "../../../irma-core": {
      "version": "0.3.2",
      "license": "MIT"
    },
    "../../../plugins/irma-client": {
      "version": "0.3.2",
      "license": "MIT",
      "dependencies": {
        "deepmerge": "^4.2.2",
        "eventsource": "^1.0.7",
        "isomorphic-fetch": "^3.0.0"
      }
    },
    "../../../plugins/irma-console": {
      "version": "0.3.2",
      "license": "MIT",
      "dependencies": {
        "prompt-sync": "^4.1.7",
        "qrcode-terminal": "^0.12.0"
      }
    },
    "node_modules/@privacybydesign/irma-client": {
      "resolved": "../../../plugins/irma-client",
      "link": true
    },
    "node_modules/@privacybydesign/irma-console": {
      "resolved": "../../../plugins/irma-console",
      "link": true
    },
    "node_modules/@privacybydesign/irma-core": {
      "resolved": "../../../irma-core",
      "link": true
    }
  },
  "dependencies": {
    "@privacybydesign/irma-client": {
      "version": "file:../../../plugins/irma-client",
      "requires": {
        "deepmerge": "^4.2.2",
        "eventsource": "^1.0.7",
        "isomorphic-fetch": "^3.0.0"
      }
    },
    "@privacybydesign/irma-console": {
      "version": "file:../../../plugins/irma-console",
      "requires": {
        "prompt-sync": "^4.1.7",
        "qrcode-terminal": "^0.12.0"
      }
    },
    "@privacybydesign/irma-core": {
      "version": "file:../../../irma-core"
    }
  }
}
