{
  "name": "irma-browser-frontend-example",
  "version": "0.1.0",
  "lockfileVersion": 1,
  "requires": true,
  "dependencies": {
    "@privacybydesign/irma-frontend": {
      "version": "0.1.1-rc.12",
      "resolved": "https://registry.npmjs.org/@privacybydesign/irma-frontend/-/irma-frontend-0.1.1-rc.12.tgz",
      "integrity": "sha512-Wuxso2s653q2gYCYTjCrW8p04iQL32p869CVLHWhkHD/5a/zpGouLeI9jo1DKpdqgTa37nArPy5XKqNgn2zvyA==",
      "dev": true
    }
  }
}
