{
  "name": "irma-browser-frontend-example",
  "version": "0.1.0",
  "lockfileVersion": 1,
  "requires": true,
  "dependencies": {
    "@privacybydesign/irma-frontend": {
      "version": "0.1.4",
      "resolved": "https://registry.npmjs.org/@privacybydesign/irma-frontend/-/irma-frontend-0.1.4.tgz",
      "integrity": "sha512-ESn0Jx63x1qSrATbxkou5ulnYDVEUQUQ5frErBym6HNqKlwa4DcHjQ6E1tZYeY/E5cVUcgSI826r0JY41ju9cQ==",
      "dev": true
    }
  }
}
