{
  "name": "irma-browser-frontend-example",
  "version": "0.1.0",
  "lockfileVersion": 2,
  "requires": true,
  "packages": {
    "": {
      "name": "irma-browser-frontend-example",
      "version": "0.1.0",
      "license": "MIT",
      "devDependencies": {
        "@privacybydesign/irma-frontend": "^0.3.2"
      }
    },
    "node_modules/@privacybydesign/irma-frontend": {
      "version": "0.3.2",
      "resolved": "https://registry.npmjs.org/@privacybydesign/irma-frontend/-/irma-frontend-0.3.2.tgz",
      "integrity": "sha512-QP7CPn6yfvKVP90H9wkgY4cBXsfz4NXTY73HzmSM0TGqwt5omdy6SUvxlsENaRBmOV5wrIrk5YPseCCXTvz/8g==",
      "dev": true
    }
  },
  "dependencies": {
    "@privacybydesign/irma-frontend": {
      "version": "0.3.2",
      "resolved": "https://registry.npmjs.org/@privacybydesign/irma-frontend/-/irma-frontend-0.3.2.tgz",
      "integrity": "sha512-QP7CPn6yfvKVP90H9wkgY4cBXsfz4NXTY73HzmSM0TGqwt5omdy6SUvxlsENaRBmOV5wrIrk5YPseCCXTvz/8g==",
      "dev": true
    }
  }
}
